# THIS IS AN AUTOGENERATED FILE. DO NOT EDIT THIS FILE DIRECTLY.
# yarn lockfile v1


"@zondax/assemblyscript-cbor@^0.5.0", "@zondax/assemblyscript-cbor@^0.5.1":
  version "0.5.1"
  resolved "https://verdaccio.zondax.net/@zondax%2fassemblyscript-cbor/-/assemblyscript-cbor-0.5.1.tgz#9c24068c510b665f32bd107af9f748680d8d419f"
  integrity sha512-k0iuZCMcEOk0oildpPTHL1ioudryO8rr6FDTu24it63QLc8jwKIvCIoOkwCYG8ChZRbJNiU3N5C4Pq1aaQcpFA==

"@zondax/fvm-as-bindgen@^0.13.0":
  version "0.13.0"
  resolved "https://verdaccio.zondax.net/@zondax%2ffvm-as-bindgen/-/fvm-as-bindgen-0.13.0.tgz#e7335707b94177aea4fb641a4a3138b36411cf4d"
  integrity sha512-pxxrgNj8XMzQpRmK8k/0z/EEEIczlCzjho5OiikX6siFW+jrN1R0q3NU6OdYcUtQIxPjdlWfWXYz1E3fDuzkdg==
  dependencies:
    assemblyscript "^0.20.11"

"@zondax/fvm-as-sdk@^0.6.3":
  version "0.6.3"
  resolved "https://verdaccio.zondax.net/@zondax%2ffvm-as-sdk/-/fvm-as-sdk-0.6.3.tgz#80f95cb159e03adf3525dee23460d51357b5ce18"
  integrity sha512-KeUhCnIeQ54SJohyQZ3n/BnUE9uIMbLsuitgHObGoU2Lf397h+XwmXQ3UUkaQ0jMJlWegjhX5j0o5P/jL+Xixg==
  dependencies:
    "@zondax/assemblyscript-cbor" "^0.5.0"
    as-bignum "^0.2.18"

as-bignum@^0.2.18:
  version "0.2.23"
  resolved "https://registry.yarnpkg.com/as-bignum/-/as-bignum-0.2.23.tgz#626e358721504291d35db4ce5c80693630048ad3"
  integrity sha512-0+GiwHNwyw0lXI+6uzOI6ReNOEsqKihdLJuOYJeqEOfXcIqwtSixLcQ7h9UQaMrroktW/Idmqj2TinpcWTxxJA==

assemblyscript@^0.20.11:
  version "0.20.11"
  resolved "https://registry.yarnpkg.com/assemblyscript/-/assemblyscript-0.20.11.tgz#cf2b0c70cc8657757673cf06cc372530ed17f73c"
  integrity sha512-DqzqE4oVmrErlTTockRg01Hhe0HZmR8iIuudclQ6o4QFCG7lDnq9f+jgxRtNQaj12fKb17ukWmqcqvDWAXN3Gg==
  dependencies:
    binaryen "108.0.0-nightly.20220528"
    long "^5.2.0"

binaryen@108.0.0-nightly.20220528:
  version "108.0.0-nightly.20220528"
  resolved "https://registry.yarnpkg.com/binaryen/-/binaryen-108.0.0-nightly.20220528.tgz#55e50ec50dc3cded36ad02e68ec69eb69bbb1e7b"
  integrity sha512-9biG357fx3NXmJNotIuY9agZBcCNHP7d1mgOGaTlPYVHZE7/61lt1IyHCXAL+W5jUOYgmFZ260PR4IbD19RKuA==

long@^5.2.0:
  version "5.2.0"
  resolved "https://registry.yarnpkg.com/long/-/long-5.2.0.tgz#2696dadf4b4da2ce3f6f6b89186085d94d52fd61"
  integrity sha512-9RTUNjK60eJbx3uz+TEGF7fUr29ZDxR5QzXcyDpeSfeH28S9ycINflOgOlppit5U+4kNTe83KQnMEerw7GmE8w==
