# THIS IS AN AUTOGENERATED FILE. DO NOT EDIT THIS FILE DIRECTLY.
# yarn lockfile v1


"@zondax/assemblyscript-cbor@^0.5.0", "@zondax/assemblyscript-cbor@^0.5.1":
  version "0.5.1"
  resolved "https://verdaccio.zondax.net/@zondax%2fassemblyscript-cbor/-/assemblyscript-cbor-0.5.1.tgz#9c24068c510b665f32bd107af9f748680d8d419f"
  integrity sha512-k0iuZCMcEOk0oildpPTHL1ioudryO8rr6FDTu24it63QLc8jwKIvCIoOkwCYG8ChZRbJNiU3N5C4Pq1aaQcpFA==

"@zondax/fvm-as-bindgen@^0.9.1":
  version "0.9.1"
  resolved "https://verdaccio.zondax.net/@zondax%2ffvm-as-bindgen/-/fvm-as-bindgen-0.9.1.tgz#adb995d5e7913c6b8e98ce2cfeb4b5edc17c2cf0"
  integrity sha512-tMkOV0Z5m5zWy1tE6vGvgjULob7rLTf+ckRSnIjpS+s/WNqH18+njUHDsJAa0yxSfVTLFQb0JSzUU7LxEHSTug==
  dependencies:
    assemblyscript "^0.20.11"

"@zondax/fvm-as-sdk@^0.6.0":
  version "0.6.0"
  resolved "https://verdaccio.zondax.net/@zondax%2ffvm-as-sdk/-/fvm-as-sdk-0.6.0.tgz#2d18d43a3facb0097d7a06b5d81d6cc4071b2a93"
  integrity sha512-aC92e/PSYeFiRA4oqffmLMitqhDY29T/wYDBcjF7BIb8yVcTjrxIJqyXunOyT7/b0BMFsAO+6duyA7BLzaAY1g==
  dependencies:
    "@zondax/assemblyscript-cbor" "^0.5.0"
    as-bigint "^0.5.3"

as-bigint@^0.5.3:
  version "0.5.3"
  resolved "https://registry.yarnpkg.com/as-bigint/-/as-bigint-0.5.3.tgz#a0647d0b7ce835077aca33115e71eb26a83df8be"
  integrity sha512-tg9iTO/vPeovOM5CSk1WxYcsfBd/cd3twhBW5PrpcGUfiSEXlPB69eOxFKvSbZnpuDxBAyQ4YBgEkfnYL89Czw==

assemblyscript@^0.20.11:
  version "0.20.11"
  resolved "https://registry.yarnpkg.com/assemblyscript/-/assemblyscript-0.20.11.tgz#cf2b0c70cc8657757673cf06cc372530ed17f73c"
  integrity sha512-DqzqE4oVmrErlTTockRg01Hhe0HZmR8iIuudclQ6o4QFCG7lDnq9f+jgxRtNQaj12fKb17ukWmqcqvDWAXN3Gg==
  dependencies:
    binaryen "108.0.0-nightly.20220528"
    long "^5.2.0"

binaryen@108.0.0-nightly.20220528:
  version "108.0.0-nightly.20220528"
  resolved "https://registry.yarnpkg.com/binaryen/-/binaryen-108.0.0-nightly.20220528.tgz#55e50ec50dc3cded36ad02e68ec69eb69bbb1e7b"
  integrity sha512-9biG357fx3NXmJNotIuY9agZBcCNHP7d1mgOGaTlPYVHZE7/61lt1IyHCXAL+W5jUOYgmFZ260PR4IbD19RKuA==

long@^5.2.0:
  version "5.2.0"
  resolved "https://registry.yarnpkg.com/long/-/long-5.2.0.tgz#2696dadf4b4da2ce3f6f6b89186085d94d52fd61"
  integrity sha512-9RTUNjK60eJbx3uz+TEGF7fUr29ZDxR5QzXcyDpeSfeH28S9ycINflOgOlppit5U+4kNTe83KQnMEerw7GmE8w==
